// !$*UTF8*$!
{
	archiveVersion = 1;
	classes = {
	};
	objectVersion = 50;
	objects = {

/* Begin PBXBuildFile section */
		1059056B26CC0DE8005DD6E6 /* AppDelegate.swift in Sources */ = {isa = PBXBuildFile; fileRef = 1059056A26CC0DE8005DD6E6 /* AppDelegate.swift */; };
		1059056D26CC0DE8005DD6E6 /* SceneDelegate.swift in Sources */ = {isa = PBXBuildFile; fileRef = 1059056C26CC0DE8005DD6E6 /* SceneDelegate.swift */; };
		1059056F26CC0DE8005DD6E6 /* ViewController.swift in Sources */ = {isa = PBXBuildFile; fileRef = 1059056E26CC0DE8005DD6E6 /* ViewController.swift */; };
		1059057226CC0DE8005DD6E6 /* Main.storyboard in Resources */ = {isa = PBXBuildFile; fileRef = 1059057026CC0DE8005DD6E6 /* Main.storyboard */; };
		1059057426CC0DE9005DD6E6 /* Assets.xcassets in Resources */ = {isa = PBXBuildFile; fileRef = 1059057326CC0DE9005DD6E6 /* Assets.xcassets */; };
		1059057726CC0DE9005DD6E6 /* LaunchScreen.storyboard in Resources */ = {isa = PBXBuildFile; fileRef = 1059057526CC0DE9005DD6E6 /* LaunchScreen.storyboard */; };
		1059058226CC0DE9005DD6E6 /* BasmetyTests.swift in Sources */ = {isa = PBXBuildFile; fileRef = 1059058126CC0DE9005DD6E6 /* BasmetyTests.swift */; };
		1059058D26CC0DE9005DD6E6 /* BasmetyUITests.swift in Sources */ = {isa = PBXBuildFile; fileRef = 1059058C26CC0DE9005DD6E6 /* BasmetyUITests.swift */; };
/* End PBXBuildFile section */

/* Begin PBXContainerItemProxy section */
		1059057E26CC0DE9005DD6E6 /* PBXContainerItemProxy */ = {
			isa = PBXContainerItemProxy;
			containerPortal = 1059055F26CC0DE7005DD6E6 /* Project object */;
			proxyType = 1;
			remoteGlobalIDString = 1059056626CC0DE7005DD6E6;
			remoteInfo = Basmety;
		};
		1059058926CC0DE9005DD6E6 /* PBXContainerItemProxy */ = {
			isa = PBXContainerItemProxy;
			containerPortal = 1059055F26CC0DE7005DD6E6 /* Project object */;
			proxyType = 1;
			remoteGlobalIDString = 1059056626CC0DE7005DD6E6;
			remoteInfo = Basmety;
		};
/* End PBXContainerItemProxy section */

/* Begin PBXFileReference section */
		1059056726CC0DE8005DD6E6 /* Basmety.app */ = {isa = PBXFileReference; explicitFileType = wrapper.application; includeInIndex = 0; path = Basmety.app; sourceTree = BUILT_PRODUCTS_DIR; };
		1059056A26CC0DE8005DD6E6 /* AppDelegate.swift */ = {isa = PBXFileReference; lastKnownFileType = sourcecode.swift; path = AppDelegate.swift; sourceTree = "<group>"; };
		1059056C26CC0DE8005DD6E6 /* SceneDelegate.swift */ = {isa = PBXFileReference; lastKnownFileType = sourcecode.swift; path = SceneDelegate.swift; sourceTree = "<group>"; };
		1059056E26CC0DE8005DD6E6 /* ViewController.swift */ = {isa = PBXFileReference; lastKnownFileType = sourcecode.swift; path = ViewController.swift; sourceTree = "<group>"; };
		1059057126CC0DE8005DD6E6 /* Base */ = {isa = PBXFileReference; lastKnownFileType = file.storyboard; name = Base; path = Base.lproj/Main.storyboard; sourceTree = "<group>"; };
		1059057326CC0DE9005DD6E6 /* Assets.xcassets */ = {isa = PBXFileReference; lastKnownFileType = folder.assetcatalog; path = Assets.xcassets; sourceTree = "<group>"; };
		1059057626CC0DE9005DD6E6 /* Base */ = {isa = PBXFileReference; lastKnownFileType = file.storyboard; name = Base; path = Base.lproj/LaunchScreen.storyboard; sourceTree = "<group>"; };
		1059057826CC0DE9005DD6E6 /* Info.plist */ = {isa = PBXFileReference; lastKnownFileType = text.plist.xml; path = Info.plist; sourceTree = "<group>"; };
		1059057D26CC0DE9005DD6E6 /* BasmetyTests.xctest */ = {isa = PBXFileReference; explicitFileType = wrapper.cfbundle; includeInIndex = 0; path = BasmetyTests.xctest; sourceTree = BUILT_PRODUCTS_DIR; };
		1059058126CC0DE9005DD6E6 /* BasmetyTests.swift */ = {isa = PBXFileReference; lastKnownFileType = sourcecode.swift; path = BasmetyTests.swift; sourceTree = "<group>"; };
		1059058326CC0DE9005DD6E6 /* Info.plist */ = {isa = PBXFileReference; lastKnownFileType = text.plist.xml; path = Info.plist; sourceTree = "<group>"; };
		1059058826CC0DE9005DD6E6 /* BasmetyUITests.xctest */ = {isa = PBXFileReference; explicitFileType = wrapper.cfbundle; includeInIndex = 0; path = BasmetyUITests.xctest; sourceTree = BUILT_PRODUCTS_DIR; };
		1059058C26CC0DE9005DD6E6 /* BasmetyUITests.swift */ = {isa = PBXFileReference; lastKnownFileType = sourcecode.swift; path = BasmetyUITests.swift; sourceTree = "<group>"; };
		1059058E26CC0DE9005DD6E6 /* Info.plist */ = {isa = PBXFileReference; lastKnownFileType = text.plist.xml; path = Info.plist; sourceTree = "<group>"; };
/* End PBXFileReference section */

/* Begin PBXFrameworksBuildPhase section */
		1059056426CC0DE7005DD6E6 /* Frameworks */ = {
			isa = PBXFrameworksBuildPhase;
			buildActionMask = 2147483647;
			files = (
			);
			runOnlyForDeploymentPostprocessing = 0;
		};
		1059057A26CC0DE9005DD6E6 /* Frameworks */ = {
			isa = PBXFrameworksBuildPhase;
			buildActionMask = 2147483647;
			files = (
			);
			runOnlyForDeploymentPostprocessing = 0;
		};
		1059058526CC0DE9005DD6E6 /* Frameworks */ = {
			isa = PBXFrameworksBuildPhase;
			buildActionMask = 2147483647;
			files = (
			);
			runOnlyForDeploymentPostprocessing = 0;
		};
/* End PBXFrameworksBuildPhase section */

/* Begin PBXGroup section */
		1059055E26CC0DE7005DD6E6 = {
			isa = PBXGroup;
			children = (
				1059056926CC0DE8005DD6E6 /* Basmety */,
				1059058026CC0DE9005DD6E6 /* BasmetyTests */,
				1059058B26CC0DE9005DD6E6 /* BasmetyUITests */,
				1059056826CC0DE8005DD6E6 /* Products */,
			);
			sourceTree = "<group>";
		};
		1059056826CC0DE8005DD6E6 /* Products */ = {
			isa = PBXGroup;
			children = (
				1059056726CC0DE8005DD6E6 /* Basmety.app */,
				1059057D26CC0DE9005DD6E6 /* BasmetyTests.xctest */,
				1059058826CC0DE9005DD6E6 /* BasmetyUITests.xctest */,
			);
			name = Products;
			sourceTree = "<group>";
		};
		1059056926CC0DE8005DD6E6 /* Basmety */ = {
			isa = PBXGroup;
			children = (
				1059056A26CC0DE8005DD6E6 /* AppDelegate.swift */,
				1059056C26CC0DE8005DD6E6 /* SceneDelegate.swift */,
				1059056E26CC0DE8005DD6E6 /* ViewController.swift */,
				1059057026CC0DE8005DD6E6 /* Main.storyboard */,
				1059057326CC0DE9005DD6E6 /* Assets.xcassets */,
				1059057526CC0DE9005DD6E6 /* LaunchScreen.storyboard */,
				1059057826CC0DE9005DD6E6 /* Info.plist */,
			);
			path = Basmety;
			sourceTree = "<group>";
		};
		1059058026CC0DE9005DD6E6 /* BasmetyTests */ = {
			isa = PBXGroup;
			children = (
				1059058126CC0DE9005DD6E6 /* BasmetyTests.swift */,
				1059058326CC0DE9005DD6E6 /* Info.plist */,
			);
			path = BasmetyTests;
			sourceTree = "<group>";
		};
		1059058B26CC0DE9005DD6E6 /* BasmetyUITests */ = {
			isa = PBXGroup;
			children = (
				1059058C26CC0DE9005DD6E6 /* BasmetyUITests.swift */,
				1059058E26CC0DE9005DD6E6 /* Info.plist */,
			);
			path = BasmetyUITests;
			sourceTree = "<group>";
		};
/* End PBXGroup section */

/* Begin PBXNativeTarget section */
		1059056626CC0DE7005DD6E6 /* Basmety */ = {
			isa = PBXNativeTarget;
			buildConfigurationList = 1059059126CC0DE9005DD6E6 /* Build configuration list for PBXNativeTarget "Basmety" */;
			buildPhases = (
				1059056326CC0DE7005DD6E6 /* Sources */,
				1059056426CC0DE7005DD6E6 /* Frameworks */,
				1059056526CC0DE7005DD6E6 /* Resources */,
			);
			buildRules = (
			);
			dependencies = (
			);
			name = Basmety;
			productName = Basmety;
			productReference = 1059056726CC0DE8005DD6E6 /* Basmety.app */;
			productType = "com.apple.product-type.application";
		};
		1059057C26CC0DE9005DD6E6 /* BasmetyTests */ = {
			isa = PBXNativeTarget;
			buildConfigurationList = 1059059426CC0DE9005DD6E6 /* Build configuration list for PBXNativeTarget "BasmetyTests" */;
			buildPhases = (
				1059057926CC0DE9005DD6E6 /* Sources */,
				1059057A26CC0DE9005DD6E6 /* Frameworks */,
				1059057B26CC0DE9005DD6E6 /* Resources */,
			);
			buildRules = (
			);
			dependencies = (
				1059057F26CC0DE9005DD6E6 /* PBXTargetDependency */,
			);
			name = BasmetyTests;
			productName = BasmetyTests;
			productReference = 1059057D26CC0DE9005DD6E6 /* BasmetyTests.xctest */;
			productType = "com.apple.product-type.bundle.unit-test";
		};
		1059058726CC0DE9005DD6E6 /* BasmetyUITests */ = {
			isa = PBXNativeTarget;
			buildConfigurationList = 1059059726CC0DE9005DD6E6 /* Build configuration list for PBXNativeTarget "BasmetyUITests" */;
			buildPhases = (
				1059058426CC0DE9005DD6E6 /* Sources */,
				1059058526CC0DE9005DD6E6 /* Frameworks */,
				1059058626CC0DE9005DD6E6 /* Resources */,
			);
			buildRules = (
			);
			dependencies = (
				1059058A26CC0DE9005DD6E6 /* PBXTargetDependency */,
			);
			name = BasmetyUITests;
			productName = BasmetyUITests;
			productReference = 1059058826CC0DE9005DD6E6 /* BasmetyUITests.xctest */;
			productType = "com.apple.product-type.bundle.ui-testing";
		};
/* End PBXNativeTarget section */

/* Begin PBXProject section */
		1059055F26CC0DE7005DD6E6 /* Project object */ = {
			isa = PBXProject;
			attributes = {
				LastSwiftUpdateCheck = 1250;
				LastUpgradeCheck = 1250;
				TargetAttributes = {
					1059056626CC0DE7005DD6E6 = {
						CreatedOnToolsVersion = 12.5;
					};
					1059057C26CC0DE9005DD6E6 = {
						CreatedOnToolsVersion = 12.5;
						TestTargetID = 1059056626CC0DE7005DD6E6;
					};
					1059058726CC0DE9005DD6E6 = {
						CreatedOnToolsVersion = 12.5;
						TestTargetID = 1059056626CC0DE7005DD6E6;
					};
				};
			};
			buildConfigurationList = 1059056226CC0DE7005DD6E6 /* Build configuration list for PBXProject "Basmety" */;
			compatibilityVersion = "Xcode 9.3";
			developmentRegion = en;
			hasScannedForEncodings = 0;
			knownRegions = (
				en,
				Base,
			);
			mainGroup = 1059055E26CC0DE7005DD6E6;
			productRefGroup = 1059056826CC0DE8005DD6E6 /* Products */;
			projectDirPath = "";
			projectRoot = "";
			targets = (
				1059056626CC0DE7005DD6E6 /* Basmety */,
				1059057C26CC0DE9005DD6E6 /* BasmetyTests */,
				1059058726CC0DE9005DD6E6 /* BasmetyUITests */,
			);
		};
/* End PBXProject section */

/* Begin PBXResourcesBuildPhase section */
		1059056526CC0DE7005DD6E6 /* Resources */ = {
			isa = PBXResourcesBuildPhase;
			buildActionMask = 2147483647;
			files = (
				1059057726CC0DE9005DD6E6 /* LaunchScreen.storyboard in Resources */,
				1059057426CC0DE9005DD6E6 /* Assets.xcassets in Resources */,
				1059057226CC0DE8005DD6E6 /* Main.storyboard in Resources */,
			);
			runOnlyForDeploymentPostprocessing = 0;
		};
		1059057B26CC0DE9005DD6E6 /* Resources */ = {
			isa = PBXResourcesBuildPhase;
			buildActionMask = 2147483647;
			files = (
			);
			runOnlyForDeploymentPostprocessing = 0;
		};
		1059058626CC0DE9005DD6E6 /* Resources */ = {
			isa = PBXResourcesBuildPhase;
			buildActionMask = 2147483647;
			files = (
			);
			runOnlyForDeploymentPostprocessing = 0;
		};
/* End PBXResourcesBuildPhase section */

/* Begin PBXSourcesBuildPhase section */
		1059056326CC0DE7005DD6E6 /* Sources */ = {
			isa = PBXSourcesBuildPhase;
			buildActionMask = 2147483647;
			files = (
				1059056F26CC0DE8005DD6E6 /* ViewController.swift in Sources */,
				1059056B26CC0DE8005DD6E6 /* AppDelegate.swift in Sources */,
				1059056D26CC0DE8005DD6E6 /* SceneDelegate.swift in Sources */,
			);
			runOnlyForDeploymentPostprocessing = 0;
		};
		1059057926CC0DE9005DD6E6 /* Sources */ = {
			isa = PBXSourcesBuildPhase;
			buildActionMask = 2147483647;
			files = (
				1059058226CC0DE9005DD6E6 /* BasmetyTests.swift in Sources */,
			);
			runOnlyForDeploymentPostprocessing = 0;
		};
		1059058426CC0DE9005DD6E6 /* Sources */ = {
			isa = PBXSourcesBuildPhase;
			buildActionMask = 2147483647;
			files = (
				1059058D26CC0DE9005DD6E6 /* BasmetyUITests.swift in Sources */,
			);
			runOnlyForDeploymentPostprocessing = 0;
		};
/* End PBXSourcesBuildPhase section */

/* Begin PBXTargetDependency section */
		1059057F26CC0DE9005DD6E6 /* PBXTargetDependency */ = {
			isa = PBXTargetDependency;
			target = 1059056626CC0DE7005DD6E6 /* Basmety */;
			targetProxy = 1059057E26CC0DE9005DD6E6 /* PBXContainerItemProxy */;
		};
		1059058A26CC0DE9005DD6E6 /* PBXTargetDependency */ = {
			isa = PBXTargetDependency;
			target = 1059056626CC0DE7005DD6E6 /* Basmety */;
			targetProxy = 1059058926CC0DE9005DD6E6 /* PBXContainerItemProxy */;
		};
/* End PBXTargetDependency section */

/* Begin PBXVariantGroup section */
		1059057026CC0DE8005DD6E6 /* Main.storyboard */ = {
			isa = PBXVariantGroup;
			children = (
				1059057126CC0DE8005DD6E6 /* Base */,
			);
			name = Main.storyboard;
			sourceTree = "<group>";
		};
		1059057526CC0DE9005DD6E6 /* LaunchScreen.storyboard */ = {
			isa = PBXVariantGroup;
			children = (
				1059057626CC0DE9005DD6E6 /* Base */,
			);
			name = LaunchScreen.storyboard;
			sourceTree = "<group>";
		};
/* End PBXVariantGroup section */

/* Begin XCBuildConfiguration section */
		1059058F26CC0DE9005DD6E6 /* Debug */ = {
			isa = XCBuildConfiguration;
			buildSettings = {
				ALWAYS_SEARCH_USER_PATHS = NO;
				CLANG_ANALYZER_NONNULL = YES;
				CLANG_ANALYZER_NUMBER_OBJECT_CONVERSION = YES_AGGRESSIVE;
				CLANG_CXX_LANGUAGE_STANDARD = "gnu++14";
				CLANG_CXX_LIBRARY = "libc++";
				CLANG_ENABLE_MODULES = YES;
				CLANG_ENABLE_OBJC_ARC = YES;
				CLANG_ENABLE_OBJC_WEAK = YES;
				CLANG_WARN_BLOCK_CAPTURE_AUTORELEASING = YES;
				CLANG_WARN_BOOL_CONVERSION = YES;
				CLANG_WARN_COMMA = YES;
				CLANG_WARN_CONSTANT_CONVERSION = YES;
				CLANG_WARN_DEPRECATED_OBJC_IMPLEMENTATIONS = YES;
				CLANG_WARN_DIRECT_OBJC_ISA_USAGE = YES_ERROR;
				CLANG_WARN_DOCUMENTATION_COMMENTS = YES;
				CLANG_WARN_EMPTY_BODY = YES;
				CLANG_WARN_ENUM_CONVERSION = YES;
				CLANG_WARN_INFINITE_RECURSION = YES;
				CLANG_WARN_INT_CONVERSION = YES;
				CLANG_WARN_NON_LITERAL_NULL_CONVERSION = YES;
				CLANG_WARN_OBJC_IMPLICIT_RETAIN_SELF = YES;
				CLANG_WARN_OBJC_LITERAL_CONVERSION = YES;
				CLANG_WARN_OBJC_ROOT_CLASS = YES_ERROR;
				CLANG_WARN_QUOTED_INCLUDE_IN_FRAMEWORK_HEADER = YES;
				CLANG_WARN_RANGE_LOOP_ANALYSIS = YES;
				CLANG_WARN_STRICT_PROTOTYPES = YES;
				CLANG_WARN_SUSPICIOUS_MOVE = YES;
				CLANG_WARN_UNGUARDED_AVAILABILITY = YES_AGGRESSIVE;
				CLANG_WARN_UNREACHABLE_CODE = YES;
				CLANG_WARN__DUPLICATE_METHOD_MATCH = YES;
				COPY_PHASE_STRIP = NO;
				DEBUG_INFORMATION_FORMAT = dwarf;
				ENABLE_STRICT_OBJC_MSGSEND = YES;
				ENABLE_TESTABILITY = YES;
				GCC_C_LANGUAGE_STANDARD = gnu11;
				GCC_DYNAMIC_NO_PIC = NO;
				GCC_NO_COMMON_BLOCKS = YES;
				GCC_OPTIMIZATION_LEVEL = 0;
				GCC_PREPROCESSOR_DEFINITIONS = (
					"DEBUG=1",
					"$(inherited)",
				);
				GCC_WARN_64_TO_32_BIT_CONVERSION = YES;
				GCC_WARN_ABOUT_RETURN_TYPE = YES_ERROR;
				GCC_WARN_UNDECLARED_SELECTOR = YES;
				GCC_WARN_UNINITIALIZED_AUTOS = YES_AGGRESSIVE;
				GCC_WARN_UNUSED_FUNCTION = YES;
				GCC_WARN_UNUSED_VARIABLE = YES;
				IPHONEOS_DEPLOYMENT_TARGET = 14.5;
				MTL_ENABLE_DEBUG_INFO = INCLUDE_SOURCE;
				MTL_FAST_MATH = YES;
				ONLY_ACTIVE_ARCH = YES;
				SDKROOT = iphoneos;
				SWIFT_ACTIVE_COMPILATION_CONDITIONS = DEBUG;
				SWIFT_OPTIMIZATION_LEVEL = "-Onone";
			};
			name = Debug;
		};
		1059059026CC0DE9005DD6E6 /* Release */ = {
			isa = XCBuildConfiguration;
			buildSettings = {
				ALWAYS_SEARCH_USER_PATHS = NO;
				CLANG_ANALYZER_NONNULL = YES;
				CLANG_ANALYZER_NUMBER_OBJECT_CONVERSION = YES_AGGRESSIVE;
				CLANG_CXX_LANGUAGE_STANDARD = "gnu++14";
				CLANG_CXX_LIBRARY = "libc++";
				CLANG_ENABLE_MODULES = YES;
				CLANG_ENABLE_OBJC_ARC = YES;
				CLANG_ENABLE_OBJC_WEAK = YES;
				CLANG_WARN_BLOCK_CAPTURE_AUTORELEASING = YES;
				CLANG_WARN_BOOL_CONVERSION = YES;
				CLANG_WARN_COMMA = YES;
				CLANG_WARN_CONSTANT_CONVERSION = YES;
				CLANG_WARN_DEPRECATED_OBJC_IMPLEMENTATIONS = YES;
				CLANG_WARN_DIRECT_OBJC_ISA_USAGE = YES_ERROR;
				CLANG_WARN_DOCUMENTATION_COMMENTS = YES;
				CLANG_WARN_EMPTY_BODY = YES;
				CLANG_WARN_ENUM_CONVERSION = YES;
				CLANG_WARN_INFINITE_RECURSION = YES;
				CLANG_WARN_INT_CONVERSION = YES;
				CLANG_WARN_NON_LITERAL_NULL_CONVERSION = YES;
				CLANG_WARN_OBJC_IMPLICIT_RETAIN_SELF = YES;
				CLANG_WARN_OBJC_LITERAL_CONVERSION = YES;
				CLANG_WARN_OBJC_ROOT_CLASS = YES_ERROR;
				CLANG_WARN_QUOTED_INCLUDE_IN_FRAMEWORK_HEADER = YES;
				CLANG_WARN_RANGE_LOOP_ANALYSIS = YES;
				CLANG_WARN_STRICT_PROTOTYPES = YES;
				CLANG_WARN_SUSPICIOUS_MOVE = YES;
				CLANG_WARN_UNGUARDED_AVAILABILITY = YES_AGGRESSIVE;
				CLANG_WARN_UNREACHABLE_CODE = YES;
				CLANG_WARN__DUPLICATE_METHOD_MATCH = YES;
				COPY_PHASE_STRIP = NO;
				DEBUG_INFORMATION_FORMAT = "dwarf-with-dsym";
				ENABLE_NS_ASSERTIONS = NO;
				ENABLE_STRICT_OBJC_MSGSEND = YES;
				GCC_C_LANGUAGE_STANDARD = gnu11;
				GCC_NO_COMMON_BLOCKS = YES;
				GCC_WARN_64_TO_32_BIT_CONVERSION = YES;
				GCC_WARN_ABOUT_RETURN_TYPE = YES_ERROR;
				GCC_WARN_UNDECLARED_SELECTOR = YES;
				GCC_WARN_UNINITIALIZED_AUTOS = YES_AGGRESSIVE;
				GCC_WARN_UNUSED_FUNCTION = YES;
				GCC_WARN_UNUSED_VARIABLE = YES;
				IPHONEOS_DEPLOYMENT_TARGET = 14.5;
				MTL_ENABLE_DEBUG_INFO = NO;
				MTL_FAST_MATH = YES;
				SDKROOT = iphoneos;
				SWIFT_COMPILATION_MODE = wholemodule;
				SWIFT_OPTIMIZATION_LEVEL = "-O";
				VALIDATE_PRODUCT = YES;
			};
			name = Release;
		};
		1059059226CC0DE9005DD6E6 /* Debug */ = {
			isa = XCBuildConfiguration;
			buildSettings = {
				ASSETCATALOG_COMPILER_APPICON_NAME = AppIcon;
				ASSETCATALOG_COMPILER_GLOBAL_ACCENT_COLOR_NAME = AccentColor;
				CODE_SIGN_STYLE = Automatic;
				DEVELOPMENT_TEAM = K8695C6QQ4;
				INFOPLIST_FILE = Basmety/Info.plist;
				LD_RUNPATH_SEARCH_PATHS = (
					"$(inherited)",
					"@executable_path/Frameworks",
				);
				PRODUCT_BUNDLE_IDENTIFIER = fourfriends.Basmety;
				PRODUCT_NAME = "$(TARGET_NAME)";
				SWIFT_VERSION = 5.0;
				TARGETED_DEVICE_FAMILY = "1,2";
			};
			name = Debug;
		};
		1059059326CC0DE9005DD6E6 /* Release */ = {
			isa = XCBuildConfiguration;
			buildSettings = {
				ASSETCATALOG_COMPILER_APPICON_NAME = AppIcon;
				ASSETCATALOG_COMPILER_GLOBAL_ACCENT_COLOR_NAME = AccentColor;
				CODE_SIGN_STYLE = Automatic;
				DEVELOPMENT_TEAM = K8695C6QQ4;
				INFOPLIST_FILE = Basmety/Info.plist;
				LD_RUNPATH_SEARCH_PATHS = (
					"$(inherited)",
					"@executable_path/Frameworks",
				);
				PRODUCT_BUNDLE_IDENTIFIER = fourfriends.Basmety;
				PRODUCT_NAME = "$(TARGET_NAME)";
				SWIFT_VERSION = 5.0;
				TARGETED_DEVICE_FAMILY = "1,2";
			};
			name = Release;
		};
		1059059526CC0DE9005DD6E6 /* Debug */ = {
			isa = XCBuildConfiguration;
			buildSettings = {
				ALWAYS_EMBED_SWIFT_STANDARD_LIBRARIES = YES;
				BUNDLE_LOADER = "$(TEST_HOST)";
				CODE_SIGN_STYLE = Automatic;
				DEVELOPMENT_TEAM = K8695C6QQ4;
				INFOPLIST_FILE = BasmetyTests/Info.plist;
				IPHONEOS_DEPLOYMENT_TARGET = 14.5;
				LD_RUNPATH_SEARCH_PATHS = (
					"$(inherited)",
					"@executable_path/Frameworks",
					"@loader_path/Frameworks",
				);
				PRODUCT_BUNDLE_IDENTIFIER = fourfriends.BasmetyTests;
				PRODUCT_NAME = "$(TARGET_NAME)";
				SWIFT_VERSION = 5.0;
				TARGETED_DEVICE_FAMILY = "1,2";
				TEST_HOST = "$(BUILT_PRODUCTS_DIR)/Basmety.app/Basmety";
			};
			name = Debug;
		};
		1059059626CC0DE9005DD6E6 /* Release */ = {
			isa = XCBuildConfiguration;
			buildSettings = {
				ALWAYS_EMBED_SWIFT_STANDARD_LIBRARIES = YES;
				BUNDLE_LOADER = "$(TEST_HOST)";
				CODE_SIGN_STYLE = Automatic;
				DEVELOPMENT_TEAM = K8695C6QQ4;
				INFOPLIST_FILE = BasmetyTests/Info.plist;
				IPHONEOS_DEPLOYMENT_TARGET = 14.5;
				LD_RUNPATH_SEARCH_PATHS = (
					"$(inherited)",
					"@executable_path/Frameworks",
					"@loader_path/Frameworks",
				);
				PRODUCT_BUNDLE_IDENTIFIER = fourfriends.BasmetyTests;
				PRODUCT_NAME = "$(TARGET_NAME)";
				SWIFT_VERSION = 5.0;
				TARGETED_DEVICE_FAMILY = "1,2";
				TEST_HOST = "$(BUILT_PRODUCTS_DIR)/Basmety.app/Basmety";
			};
			name = Release;
		};
		1059059826CC0DE9005DD6E6 /* Debug */ = {
			isa = XCBuildConfiguration;
			buildSettings = {
				ALWAYS_EMBED_SWIFT_STANDARD_LIBRARIES = YES;
				CODE_SIGN_STYLE = Automatic;
				DEVELOPMENT_TEAM = K8695C6QQ4;
				INFOPLIST_FILE = BasmetyUITests/Info.plist;
				LD_RUNPATH_SEARCH_PATHS = (
					"$(inherited)",
					"@executable_path/Frameworks",
					"@loader_path/Frameworks",
				);
				PRODUCT_BUNDLE_IDENTIFIER = fourfriends.BasmetyUITests;
				PRODUCT_NAME = "$(TARGET_NAME)";
				SWIFT_VERSION = 5.0;
				TARGETED_DEVICE_FAMILY = "1,2";
				TEST_TARGET_NAME = Basmety;
			};
			name = Debug;
		};
		1059059926CC0DE9005DD6E6 /* Release */ = {
			isa = XCBuildConfiguration;
			buildSettings = {
				ALWAYS_EMBED_SWIFT_STANDARD_LIBRARIES = YES;
				CODE_SIGN_STYLE = Automatic;
				DEVELOPMENT_TEAM = K8695C6QQ4;
				INFOPLIST_FILE = BasmetyUITests/Info.plist;
				LD_RUNPATH_SEARCH_PATHS = (
					"$(inherited)",
					"@executable_path/Frameworks",
					"@loader_path/Frameworks",
				);
				PRODUCT_BUNDLE_IDENTIFIER = fourfriends.BasmetyUITests;
				PRODUCT_NAME = "$(TARGET_NAME)";
				SWIFT_VERSION = 5.0;
				TARGETED_DEVICE_FAMILY = "1,2";
				TEST_TARGET_NAME = Basmety;
			};
			name = Release;
		};
/* End XCBuildConfiguration section */

/* Begin XCConfigurationList section */
		1059056226CC0DE7005DD6E6 /* Build configuration list for PBXProject "Basmety" */ = {
			isa = XCConfigurationList;
			buildConfigurations = (
				1059058F26CC0DE9005DD6E6 /* Debug */,
				1059059026CC0DE9005DD6E6 /* Release */,
			);
			defaultConfigurationIsVisible = 0;
			defaultConfigurationName = Release;
		};
		1059059126CC0DE9005DD6E6 /* Build configuration list for PBXNativeTarget "Basmety" */ = {
			isa = XCConfigurationList;
			buildConfigurations = (
				1059059226CC0DE9005DD6E6 /* Debug */,
				1059059326CC0DE9005DD6E6 /* Release */,
			);
			defaultConfigurationIsVisible = 0;
			defaultConfigurationName = Release;
		};
		1059059426CC0DE9005DD6E6 /* Build configuration list for PBXNativeTarget "BasmetyTests" */ = {
			isa = XCConfigurationList;
			buildConfigurations = (
				1059059526CC0DE9005DD6E6 /* Debug */,
				1059059626CC0DE9005DD6E6 /* Release */,
			);
			defaultConfigurationIsVisible = 0;
			defaultConfigurationName = Release;
		};
		1059059726CC0DE9005DD6E6 /* Build configuration list for PBXNativeTarget "BasmetyUITests" */ = {
			isa = XCConfigurationList;
			buildConfigurations = (
				1059059826CC0DE9005DD6E6 /* Debug */,
				1059059926CC0DE9005DD6E6 /* Release */,
			);
			defaultConfigurationIsVisible = 0;
			defaultConfigurationName = Release;
		};
/* End XCConfigurationList section */
	};
	rootObject = 1059055F26CC0DE7005DD6E6 /* Project object */;
}
